
Microsoft Visual Studio Solution File, Format Version 12.00
# Visual Studio Version 16
VisualStudioVersion = 16.0.31205.134
MinimumVisualStudioVersion = 10.0.40219.1
Project("{FAE04EC0-301F-11D3-BF4B-00C04F79EFBC}") = "Orientacao_objeto_1", "Orientacao_objeto_1\Orientacao_objeto_1.csproj", "{F00C087C-B4EB-4D99-AD83-EA70234F15F0}"
EndProject
Global
	GlobalSection(SolutionConfigurationPlatforms) = preSolution
		Debug|Any CPU = Debug|Any CPU
		Release|Any CPU = Release|Any CPU
	EndGlobalSection
	GlobalSection(ProjectConfigurationPlatforms) = postSolution
		{F00C087C-B4EB-4D99-AD83-EA70234F15F0}.Debug|Any CPU.ActiveCfg = Debug|Any CPU
		{F00C087C-B4EB-4D99-AD83-EA70234F15F0}.Debug|Any CPU.Build.0 = Debug|Any CPU
		{F00C087C-B4EB-4D99-AD83-EA70234F15F0}.Release|Any CPU.ActiveCfg = Release|Any CPU
		{F00C087C-B4EB-4D99-AD83-EA70234F15F0}.Release|Any CPU.Build.0 = Release|Any CPU
	EndGlobalSection
	GlobalSection(SolutionProperties) = preSolution
		HideSolutionNode = FALSE
	EndGlobalSection
	GlobalSection(ExtensibilityGlobals) = postSolution
		SolutionGuid = {E0278527-A087-420D-9D25-FC4A80CBEEDD}
	EndGlobalSection
EndGlobal
